
Microsoft Visual Studio Solution File, Format Version 12.00
# Visual Studio Version 17
VisualStudioVersion = 17.11.35312.102
MinimumVisualStudioVersion = 10.0.40219.1
Project("{FAE04EC0-301F-11D3-BF4B-00C04F79EFBC}") = "EcoEnergyWeb", "EcoEnergyWeb\EcoEnergyWeb.csproj", "{2FA24331-E8A4-468A-93E7-8C870C6E52A3}"
EndProject
Global
	GlobalSection(SolutionConfigurationPlatforms) = preSolution
		Debug|Any CPU = Debug|Any CPU
		Release|Any CPU = Release|Any CPU
	EndGlobalSection
	GlobalSection(ProjectConfigurationPlatforms) = postSolution
		{2FA24331-E8A4-468A-93E7-8C870C6E52A3}.Debug|Any CPU.ActiveCfg = Debug|Any CPU
		{2FA24331-E8A4-468A-93E7-8C870C6E52A3}.Debug|Any CPU.Build.0 = Debug|Any CPU
		{2FA24331-E8A4-468A-93E7-8C870C6E52A3}.Release|Any CPU.ActiveCfg = Release|Any CPU
		{2FA24331-E8A4-468A-93E7-8C870C6E52A3}.Release|Any CPU.Build.0 = Release|Any CPU
	EndGlobalSection
	GlobalSection(SolutionProperties) = preSolution
		HideSolutionNode = FALSE
	EndGlobalSection
	GlobalSection(ExtensibilityGlobals) = postSolution
		SolutionGuid = {C7B851F7-7471-4BFE-8065-56B5A26A560F}
	EndGlobalSection
EndGlobal
